
Microsoft Visual Studio Solution File, Format Version 12.00
# Visual Studio 15
VisualStudioVersion = 15.0.27703.2042
MinimumVisualStudioVersion = 10.0.40219.1
Project("{9A19103F-16F7-4668-BE54-9A1E7A4F7556}") = "azure-functions-dyndns", "azure-functions-dyndns.csproj", "{B0B314AE-26DA-4BD6-AE31-D40AB2870757}"
EndProject
Global
	GlobalSection(SolutionConfigurationPlatforms) = preSolution
		Debug|Any CPU = Debug|Any CPU
		Release|Any CPU = Release|Any CPU
	EndGlobalSection
	GlobalSection(ProjectConfigurationPlatforms) = postSolution
		{B0B314AE-26DA-4BD6-AE31-D40AB2870757}.Debug|Any CPU.ActiveCfg = Debug|Any CPU
		{B0B314AE-26DA-4BD6-AE31-D40AB2870757}.Debug|Any CPU.Build.0 = Debug|Any CPU
		{B0B314AE-26DA-4BD6-AE31-D40AB2870757}.Release|Any CPU.ActiveCfg = Release|Any CPU
		{B0B314AE-26DA-4BD6-AE31-D40AB2870757}.Release|Any CPU.Build.0 = Release|Any CPU
	EndGlobalSection
	GlobalSection(SolutionProperties) = preSolution
		HideSolutionNode = FALSE
	EndGlobalSection
	GlobalSection(ExtensibilityGlobals) = postSolution
		SolutionGuid = {C023261D-8DCB-46DF-AA23-4BA05FC5DA5F}
	EndGlobalSection
EndGlobal
